github.com/dustin/go-humanize v1.1.0 h1:dbKTrvD0klcbBV/h4AWJdMuZogJACoMlvWIWZ5b2xWg=
github.com/dustin/go-humanize v1.1.0/go.mod h1:hc1CvRkJMsgxqjmjMQF3QNRAZBwY8AXBAzKYoSX9sFI=
github.com/google/uuid v1.6.0 h1:NIvaJDMOsjHA8n1jAhLSgzrAzy1Hgr+hNrb57e+94F0=
github.com/google/uuid v1.6.0/go.mod h1:TIyPZe4MgqvfeYDBFedMoGGpEw/LqOeaOT+nhxU+yHo=
github.com/larsartmann/go-branded-id v0.6.0 h1:bqvJcozqtr8CP7/GWbWqHdYWt2YaIaWZdNvPSbqdZXU=
github.com/larsartmann/go-branded-id v0.6.0/go.mod h1:gM5FhB6d23qZO8hIU/rHpUnm/6dwKy9UGMhgvXDqNsc=
github.com/larsartmann/go-cqrs-lite/claiming/v4 v4.0.0 h1:SCI5XMG6TM+H206iCyPbzgmiDEa8ZHBGFO2evxQoZ6k=
github.com/larsartmann/go-cqrs-lite/claiming/v4 v4.0.0/go.mod h1:OnWKCtO8EnVtYlwsci7UW+FVYxNX9mzJc7E4I2qrZWY=
github.com/larsartmann/go-cqrs-lite/dedup/v4 v4.2.2 h1:IPOEQMmK9/HsBXuSIdIXUkuh1ygLXbg9Z+1V+yemp48=
github.com/larsartmann/go-cqrs-lite/dedup/v4 v4.2.2/go.mod h1:1gKwHZy+yc1f8Ab6AfD6YJfUB8PNBeQLofEwSqWBQZk=
github.com/larsartmann/go-cqrs-lite/metaengine/sqliteengine/v4 v4.4.0 h1:tOSs3d3eb9BMBv82HA53qc0qNzBCXqhAAMp3b6U/ZY4=
github.com/larsartmann/go-cqrs-lite/metaengine/sqliteengine/v4 v4.4.0/go.mod h1:RqpRRP8EyNIhNNx0PZlYwzQx3IjjIH8TQ+Bgk8/1Ms0=
github.com/larsartmann/go-cqrs-lite/metaengine/v4 v4.14.0 h1:MgBqW6hW0FunHQEYt0qhb/90JL27Mbq1yZPsbao417A=
github.com/larsartmann/go-cqrs-lite/metaengine/v4 v4.14.0/go.mod h1:EFP44mG2Dp2SOneVcHPXDzdUYcl+q3rC4jhQ7VZ4K40=
github.com/larsartmann/go-cqrs-lite/record/v4 v4.6.0 h1:pWXdzbzleiHESLtgE7fbOvxyDO1sCtT7m/tN5G+eKwc=
github.com/larsartmann/go-cqrs-lite/record/v4 v4.6.0/go.mod h1:9oD9oVY1tu9E2g9D/jMXoiALrv9jI6CJBqj9oWmAKIs=
github.com/larsartmann/go-error-family v0.10.1 h1:lf1RNjpdK7k+tCzphkg5qRolAY76U8OGEc09ZsZ5S6A=
github.com/larsartmann/go-error-family v0.10.1/go.mod h1:SYSVwVMTkw2GcqXI4khjMYOg7ey39o8sh7rXC9LfNcY=
github.com/larsartmann/go-sse v0.6.0 h1:ITsMQi4Cfg+cXE5YYChk3p6wYsn33AxKJPVwd5hsiBY=
github.com/larsartmann/go-sse v0.6.0/go.mod h1:ndYQ/lEnJVzTWqvF/h4+XMG/hJK/bEn6zSkfpkBAuUg=
github.com/mattn/go-isatty v0.0.24 h1:tGZZoVgT/KiqK1c8ocVLeDS8BSWMRd47J3Lbz7vsReI=
github.com/mattn/go-isatty v0.0.24/go.mod h1:nMCL3Zebbrt45jsMDgnfIwz6ydEQApk5oEI3HqDio6A=
github.com/ncruces/go-strftime v1.0.0 h1:HMFp8mLCTPp341M/ZnA4qaf7ZlsbTc+miZjCLOFAw7w=
github.com/ncruces/go-strftime v1.0.0/go.mod h1:Fwc5htZGVVkseilnfgOVb9mKy6w1naJmn9CehxcKcls=
github.com/remyoudompheng/bigfft v0.0.0-20230129092748-24d4a6f8daec h1:W09IVJc94icq4NjY3clb7Lk8O1qJ8BdBEF8z0ibU0rE=
github.com/remyoudompheng/bigfft v0.0.0-20230129092748-24d4a6f8daec/go.mod h1:qqbHyh8v60DhA7CoWK5oRCqLrMHRGoxYCSS9EjAz6Eo=
golang.org/x/sys v0.48.0 h1:bbX/i/6MgT9BVLM9RT1thmxL04yeTAhbEz4SyadbXoo=
golang.org/x/sys v0.48.0/go.mod h1:hNLxWAXmnKAxqDtdwIYC4bM9oQPEecfsnNMuSxOs3og=
modernc.org/libc v1.76.0 h1:eaJHMv2zn5oXT6IPXPwxAMVpzmQzSDsCdKcNl1ZpaRg=
modernc.org/libc v1.76.0/go.mod h1:2h0dedmVSE8qH2DrxzYDXbQaxLMl0XNg8Z7/HJRdk2M=
modernc.org/mathutil v1.7.1 h1:GCZVGXdaN8gTqB1Mf/usp1Y/hSqgI2vAGGP4jZMCxOU=
modernc.org/mathutil v1.7.1/go.mod h1:4p5IwJITfppl0G4sUEDtCr4DthTaT47/N3aT6MhfgJg=
modernc.org/memory v1.12.1 h1:nFMiWrpStgZczNl6XI9GnIk/rWhYIyHGUaR04pGbp9g=
modernc.org/memory v1.12.1/go.mod h1:/JP4VbVC+K5sU2wZi9bHoq2MAkCnrt2r98UGeSK7Mjw=
modernc.org/sqlite v1.59.0 h1:X1es1GpqBlS/5T+vbM4HLUdaa8OtQx468DF2vrx+38A=
modernc.org/sqlite v1.59.0/go.mod h1:+paeT2A3iPRHkQDwG7oA6Tk0zQd5woMEI8q7orfry8k=
