github.com/larsartmann/go-error-family v0.10.0 h1:xGPT8WzPr9EJ+SHCasLtZ2mJ7drVxmfkyM6kjzHoAWo=
github.com/larsartmann/go-error-family v0.10.0/go.mod h1:c5ZKAqG/2xJmF7ZjShNAenbxHzWqut90ARS0lPuyUaY=
github.com/larsartmann/go-retry v0.5.0 h1:2DsZQKdHqUCwbt8eSdjPaFXDQJpDD62FjOf46hY+VP0=
github.com/larsartmann/go-retry v0.5.0/go.mod h1:dW9PFhxuiWacfvNgWBws+9xSrcP3ksZ+AP4wNLg6TuA=
